
Microsoft Visual Studio Solution File, Format Version 12.00
# Visual Studio Version 17
VisualStudioVersion = 17.14.36603.0 d17.14
MinimumVisualStudioVersion = 10.0.40219.1
Project("{F2A71F9B-5D33-465A-A702-920D77279786}") = "InterpreterCore", "InterpreterCore\InterpreterCore.fsproj", "{566B951B-5351-4786-8158-EF3FDAE25861}"
EndProject
Project("{FAE04EC0-301F-11D3-BF4B-00C04F79EFBC}") = "InterpreterGUI", "InterpreterGUI\InterpreterGUI.csproj", "{73AA40DB-70C9-4529-9CFA-D7D10FCC4342}"
EndProject
Project("{FAE04EC0-301F-11D3-BF4B-00C04F79EFBC}") = "InterpreterTests", "InterpreterTests\InterpreterTests.csproj", "{1F5E9DB8-A04C-44B9-A707-73AFA0A0BCCA}"
EndProject
Global
	GlobalSection(SolutionConfigurationPlatforms) = preSolution
		Debug|Any CPU = Debug|Any CPU
		Release|Any CPU = Release|Any CPU
	EndGlobalSection
	GlobalSection(ProjectConfigurationPlatforms) = postSolution
		{566B951B-5351-4786-8158-EF3FDAE25861}.Debug|Any CPU.ActiveCfg = Debug|Any CPU
		{566B951B-5351-4786-8158-EF3FDAE25861}.Debug|Any CPU.Build.0 = Debug|Any CPU
		{566B951B-5351-4786-8158-EF3FDAE25861}.Release|Any CPU.ActiveCfg = Release|Any CPU
		{566B951B-5351-4786-8158-EF3FDAE25861}.Release|Any CPU.Build.0 = Release|Any CPU
		{73AA40DB-70C9-4529-9CFA-D7D10FCC4342}.Debug|Any CPU.ActiveCfg = Debug|Any CPU
		{73AA40DB-70C9-4529-9CFA-D7D10FCC4342}.Debug|Any CPU.Build.0 = Debug|Any CPU
		{73AA40DB-70C9-4529-9CFA-D7D10FCC4342}.Release|Any CPU.ActiveCfg = Release|Any CPU
		{73AA40DB-70C9-4529-9CFA-D7D10FCC4342}.Release|Any CPU.Build.0 = Release|Any CPU
		{1F5E9DB8-A04C-44B9-A707-73AFA0A0BCCA}.Debug|Any CPU.ActiveCfg = Debug|Any CPU
		{1F5E9DB8-A04C-44B9-A707-73AFA0A0BCCA}.Debug|Any CPU.Build.0 = Debug|Any CPU
		{1F5E9DB8-A04C-44B9-A707-73AFA0A0BCCA}.Release|Any CPU.ActiveCfg = Release|Any CPU
		{1F5E9DB8-A04C-44B9-A707-73AFA0A0BCCA}.Release|Any CPU.Build.0 = Release|Any CPU
	EndGlobalSection
	GlobalSection(SolutionProperties) = preSolution
		HideSolutionNode = FALSE
	EndGlobalSection
	GlobalSection(ExtensibilityGlobals) = postSolution
		SolutionGuid = {BABBF2A4-F956-417B-B53A-C306BF2EC620}
	EndGlobalSection
EndGlobal
